
Microsoft Visual Studio Solution File, Format Version 12.00
# Visual Studio Version 17
VisualStudioVersion = 17.5.002.0
MinimumVisualStudioVersion = 10.0.40219.1
Project("{9A19103F-16F7-4668-BE54-9A1E7A4F7556}") = "MeuPrimeiroRepo", "MeuPrimeiroRepo.csproj", "{818EB066-37A9-4B6E-B5E7-60F536D3E96D}"
EndProject
Global
	GlobalSection(SolutionConfigurationPlatforms) = preSolution
		Debug|Any CPU = Debug|Any CPU
		Release|Any CPU = Release|Any CPU
	EndGlobalSection
	GlobalSection(ProjectConfigurationPlatforms) = postSolution
		{818EB066-37A9-4B6E-B5E7-60F536D3E96D}.Debug|Any CPU.ActiveCfg = Debug|Any CPU
		{818EB066-37A9-4B6E-B5E7-60F536D3E96D}.Debug|Any CPU.Build.0 = Debug|Any CPU
		{818EB066-37A9-4B6E-B5E7-60F536D3E96D}.Release|Any CPU.ActiveCfg = Release|Any CPU
		{818EB066-37A9-4B6E-B5E7-60F536D3E96D}.Release|Any CPU.Build.0 = Release|Any CPU
	EndGlobalSection
	GlobalSection(SolutionProperties) = preSolution
		HideSolutionNode = FALSE
	EndGlobalSection
	GlobalSection(ExtensibilityGlobals) = postSolution
		SolutionGuid = {5FD187FE-4B40-43D2-8571-221DE8805EAB}
	EndGlobalSection
EndGlobal
